
Microsoft Visual Studio Solution File, Format Version 12.00
# Visual Studio Version 16
VisualStudioVersion = 16.0.28315.86
MinimumVisualStudioVersion = 10.0.40219.1
Project("{2150E333-8FDC-42A3-9474-1A3956D46DE8}") = "Engine", "Engine", "{E23FDFB9-AED8-40E5-8690-81C90227E1CE}"
EndProject
Project("{2150E333-8FDC-42A3-9474-1A3956D46DE8}") = "Games", "Games", "{F2B8DB74-949E-4610-A13C-3203959E15A0}"
EndProject
Project("{8BC9CEB8-8B4A-11D0-8D11-00A0C91BC942}") = "UE4", "Intermediate\ProjectFiles\UE4.vcxproj", "{FC9286B8-3AD4-4FF0-9133-87732E32CE1E}"
EndProject
Project("{8BC9CEB8-8B4A-11D0-8D11-00A0C91BC942}") = "BattleTank", "Intermediate\ProjectFiles\BattleTank.vcxproj", "{D9C10851-C73A-4D3C-9DBD-64D208F2F977}"
EndProject
Project("{2150E333-8FDC-42A3-9474-1A3956D46DE8}") = "Visualizers", "Visualizers", "{DEF850DC-3CEB-45F0-98A2-2F7E4404D515}"
	ProjectSection(SolutionItems) = preProject
		..\..\..\..\..\Program Files\Epic Games\UE_4.23\Engine\Extras\VisualStudioDebugging\UE4.natvis = ..\..\..\..\..\Program Files\Epic Games\UE_4.23\Engine\Extras\VisualStudioDebugging\UE4.natvis
	EndProjectSection
EndProject
Global
	GlobalSection(SolutionConfigurationPlatforms) = preSolution
		DebugGame Editor|HTML5 = DebugGame Editor|HTML5
		DebugGame Editor|Win32 = DebugGame Editor|Win32
		DebugGame Editor|Win64 = DebugGame Editor|Win64
		DebugGame|HTML5 = DebugGame|HTML5
		DebugGame|Win32 = DebugGame|Win32
		DebugGame|Win64 = DebugGame|Win64
		Development Editor|HTML5 = Development Editor|HTML5
		Development Editor|Win32 = Development Editor|Win32
		Development Editor|Win64 = Development Editor|Win64
		Development|HTML5 = Development|HTML5
		Development|Win32 = Development|Win32
		Development|Win64 = Development|Win64
		Shipping|HTML5 = Shipping|HTML5
		Shipping|Win32 = Shipping|Win32
		Shipping|Win64 = Shipping|Win64
	EndGlobalSection
	GlobalSection(ProjectConfigurationPlatforms) = postSolution
		{FC9286B8-3AD4-4FF0-9133-87732E32CE1E}.DebugGame Editor|HTML5.ActiveCfg = BuiltWithUnrealBuildTool|Win32
		{FC9286B8-3AD4-4FF0-9133-87732E32CE1E}.DebugGame Editor|Win32.ActiveCfg = BuiltWithUnrealBuildTool|Win32
		{FC9286B8-3AD4-4FF0-9133-87732E32CE1E}.DebugGame Editor|Win64.ActiveCfg = BuiltWithUnrealBuildTool|Win32
		{FC9286B8-3AD4-4FF0-9133-87732E32CE1E}.DebugGame|HTML5.ActiveCfg = BuiltWithUnrealBuildTool|Win32
		{FC9286B8-3AD4-4FF0-9133-87732E32CE1E}.DebugGame|Win32.ActiveCfg = BuiltWithUnrealBuildTool|Win32
		{FC9286B8-3AD4-4FF0-9133-87732E32CE1E}.DebugGame|Win64.ActiveCfg = BuiltWithUnrealBuildTool|Win32
		{FC9286B8-3AD4-4FF0-9133-87732E32CE1E}.Development Editor|HTML5.ActiveCfg = BuiltWithUnrealBuildTool|Win32
		{FC9286B8-3AD4-4FF0-9133-87732E32CE1E}.Development Editor|Win32.ActiveCfg = BuiltWithUnrealBuildTool|Win32
		{FC9286B8-3AD4-4FF0-9133-87732E32CE1E}.Development Editor|Win64.ActiveCfg = BuiltWithUnrealBuildTool|Win32
		{FC9286B8-3AD4-4FF0-9133-87732E32CE1E}.Development|HTML5.ActiveCfg = BuiltWithUnrealBuildTool|Win32
		{FC9286B8-3AD4-4FF0-9133-87732E32CE1E}.Development|Win32.ActiveCfg = BuiltWithUnrealBuildTool|Win32
		{FC9286B8-3AD4-4FF0-9133-87732E32CE1E}.Development|Win64.ActiveCfg = BuiltWithUnrealBuildTool|Win32
		{FC9286B8-3AD4-4FF0-9133-87732E32CE1E}.Shipping|HTML5.ActiveCfg = BuiltWithUnrealBuildTool|Win32
		{FC9286B8-3AD4-4FF0-9133-87732E32CE1E}.Shipping|Win32.ActiveCfg = BuiltWithUnrealBuildTool|Win32
		{FC9286B8-3AD4-4FF0-9133-87732E32CE1E}.Shipping|Win64.ActiveCfg = BuiltWithUnrealBuildTool|Win32
		{D9C10851-C73A-4D3C-9DBD-64D208F2F977}.DebugGame Editor|HTML5.ActiveCfg = Invalid|Win32
		{D9C10851-C73A-4D3C-9DBD-64D208F2F977}.DebugGame Editor|Win32.ActiveCfg = Invalid|Win32
		{D9C10851-C73A-4D3C-9DBD-64D208F2F977}.DebugGame Editor|Win64.ActiveCfg = DebugGame_Editor|x64
		{D9C10851-C73A-4D3C-9DBD-64D208F2F977}.DebugGame Editor|Win64.Build.0 = DebugGame_Editor|x64
		{D9C10851-C73A-4D3C-9DBD-64D208F2F977}.DebugGame|HTML5.ActiveCfg = HTML5_DebugGame|Win32
		{D9C10851-C73A-4D3C-9DBD-64D208F2F977}.DebugGame|HTML5.Build.0 = HTML5_DebugGame|Win32
		{D9C10851-C73A-4D3C-9DBD-64D208F2F977}.DebugGame|Win32.ActiveCfg = DebugGame|Win32
		{D9C10851-C73A-4D3C-9DBD-64D208F2F977}.DebugGame|Win32.Build.0 = DebugGame|Win32
		{D9C10851-C73A-4D3C-9DBD-64D208F2F977}.DebugGame|Win64.ActiveCfg = DebugGame|x64
		{D9C10851-C73A-4D3C-9DBD-64D208F2F977}.DebugGame|Win64.Build.0 = DebugGame|x64
		{D9C10851-C73A-4D3C-9DBD-64D208F2F977}.Development Editor|HTML5.ActiveCfg = Invalid|Win32
		{D9C10851-C73A-4D3C-9DBD-64D208F2F977}.Development Editor|Win32.ActiveCfg = Invalid|Win32
		{D9C10851-C73A-4D3C-9DBD-64D208F2F977}.Development Editor|Win64.ActiveCfg = Development_Editor|x64
		{D9C10851-C73A-4D3C-9DBD-64D208F2F977}.Development Editor|Win64.Build.0 = Development_Editor|x64
		{D9C10851-C73A-4D3C-9DBD-64D208F2F977}.Development|HTML5.ActiveCfg = HTML5_Development|Win32
		{D9C10851-C73A-4D3C-9DBD-64D208F2F977}.Development|HTML5.Build.0 = HTML5_Development|Win32
		{D9C10851-C73A-4D3C-9DBD-64D208F2F977}.Development|Win32.ActiveCfg = Development|Win32
		{D9C10851-C73A-4D3C-9DBD-64D208F2F977}.Development|Win32.Build.0 = Development|Win32
		{D9C10851-C73A-4D3C-9DBD-64D208F2F977}.Development|Win64.ActiveCfg = Development|x64
		{D9C10851-C73A-4D3C-9DBD-64D208F2F977}.Development|Win64.Build.0 = Development|x64
		{D9C10851-C73A-4D3C-9DBD-64D208F2F977}.Shipping|HTML5.ActiveCfg = HTML5_Shipping|Win32
		{D9C10851-C73A-4D3C-9DBD-64D208F2F977}.Shipping|HTML5.Build.0 = HTML5_Shipping|Win32
		{D9C10851-C73A-4D3C-9DBD-64D208F2F977}.Shipping|Win32.ActiveCfg = Shipping|Win32
		{D9C10851-C73A-4D3C-9DBD-64D208F2F977}.Shipping|Win32.Build.0 = Shipping|Win32
		{D9C10851-C73A-4D3C-9DBD-64D208F2F977}.Shipping|Win64.ActiveCfg = Shipping|x64
		{D9C10851-C73A-4D3C-9DBD-64D208F2F977}.Shipping|Win64.Build.0 = Shipping|x64
	EndGlobalSection
	GlobalSection(SolutionProperties) = preSolution
		HideSolutionNode = FALSE
	EndGlobalSection
	GlobalSection(NestedProjects) = preSolution
		{FC9286B8-3AD4-4FF0-9133-87732E32CE1E} = {E23FDFB9-AED8-40E5-8690-81C90227E1CE}
		{D9C10851-C73A-4D3C-9DBD-64D208F2F977} = {F2B8DB74-949E-4610-A13C-3203959E15A0}
	EndGlobalSection
EndGlobal
